
Microsoft Visual Studio Solution File, Format Version 12.00
# Visual Studio Version 16
VisualStudioVersion = 16.0.810.3
MinimumVisualStudioVersion = 10.0.40219.1
Project("{FAE04EC0-301F-11D3-BF4B-00C04F79EFBC}") = "TicTacToe", "TicTacToe\TicTacToe.csproj", "{B094361B-6A09-48FC-8F9D-87AECA156FE4}"
EndProject
Project("{FAE04EC0-301F-11D3-BF4B-00C04F79EFBC}") = "TicTacToeTests", "TicTacToe.UnitTests\TicTacToeTests.csproj", "{012634D7-C8F8-45D7-8DE8-F8DCC7AE4723}"
EndProject
Global
	GlobalSection(SolutionConfigurationPlatforms) = preSolution
		Debug|Any CPU = Debug|Any CPU
		Release|Any CPU = Release|Any CPU
	EndGlobalSection
	GlobalSection(ProjectConfigurationPlatforms) = postSolution
		{B094361B-6A09-48FC-8F9D-87AECA156FE4}.Debug|Any CPU.ActiveCfg = Debug|Any CPU
		{B094361B-6A09-48FC-8F9D-87AECA156FE4}.Debug|Any CPU.Build.0 = Debug|Any CPU
		{B094361B-6A09-48FC-8F9D-87AECA156FE4}.Release|Any CPU.ActiveCfg = Release|Any CPU
		{B094361B-6A09-48FC-8F9D-87AECA156FE4}.Release|Any CPU.Build.0 = Release|Any CPU
		{012634D7-C8F8-45D7-8DE8-F8DCC7AE4723}.Debug|Any CPU.ActiveCfg = Debug|Any CPU
		{012634D7-C8F8-45D7-8DE8-F8DCC7AE4723}.Debug|Any CPU.Build.0 = Debug|Any CPU
		{012634D7-C8F8-45D7-8DE8-F8DCC7AE4723}.Release|Any CPU.ActiveCfg = Release|Any CPU
		{012634D7-C8F8-45D7-8DE8-F8DCC7AE4723}.Release|Any CPU.Build.0 = Release|Any CPU
	EndGlobalSection
	GlobalSection(SolutionProperties) = preSolution
		HideSolutionNode = FALSE
	EndGlobalSection
	GlobalSection(ExtensibilityGlobals) = postSolution
		SolutionGuid = {053B2420-59FD-4184-BF8A-DC32F1A7C683}
	EndGlobalSection
EndGlobal
